// !$*UTF8*$!
{
	archiveVersion = 1;
	classes = {
	};
	objectVersion = 50;
	objects = {

/* Begin PBXBuildFile section */
		2460934021B94F9300C533AA /* AppDelegate.swift in Sources */ = {isa = PBXBuildFile; fileRef = 2460933F21B94F9300C533AA /* AppDelegate.swift */; };
		2460934221B94F9300C533AA /* ViewController.swift in Sources */ = {isa = PBXBuildFile; fileRef = 2460934121B94F9300C533AA /* ViewController.swift */; };
		2460934521B94F9300C533AA /* Main.storyboard in Resources */ = {isa = PBXBuildFile; fileRef = 2460934321B94F9300C533AA /* Main.storyboard */; };
		2460934721B94F9C00C533AA /* Assets.xcassets in Resources */ = {isa = PBXBuildFile; fileRef = 2460934621B94F9C00C533AA /* Assets.xcassets */; };
		2460934A21B94F9C00C533AA /* LaunchScreen.storyboard in Resources */ = {isa = PBXBuildFile; fileRef = 2460934821B94F9C00C533AA /* LaunchScreen.storyboard */; };
		2460935721B9503700C533AA /* NoDataView.xib in Resources */ = {isa = PBXBuildFile; fileRef = 2460935521B9503700C533AA /* NoDataView.xib */; };
		2460935821B9503700C533AA /* NoDataView.swift in Sources */ = {isa = PBXBuildFile; fileRef = 2460935621B9503700C533AA /* NoDataView.swift */; };
/* End PBXBuildFile section */

/* Begin PBXFileReference section */
		2460933C21B94F9300C533AA /* SimpleView.app */ = {isa = PBXFileReference; explicitFileType = wrapper.application; includeInIndex = 0; path = SimpleView.app; sourceTree = BUILT_PRODUCTS_DIR; };
		2460933F21B94F9300C533AA /* AppDelegate.swift */ = {isa = PBXFileReference; lastKnownFileType = sourcecode.swift; path = AppDelegate.swift; sourceTree = "<group>"; };
		2460934121B94F9300C533AA /* ViewController.swift */ = {isa = PBXFileReference; lastKnownFileType = sourcecode.swift; path = ViewController.swift; sourceTree = "<group>"; };
		2460934421B94F9300C533AA /* Base */ = {isa = PBXFileReference; lastKnownFileType = file.storyboard; name = Base; path = Base.lproj/Main.storyboard; sourceTree = "<group>"; };
		2460934621B94F9C00C533AA /* Assets.xcassets */ = {isa = PBXFileReference; lastKnownFileType = folder.assetcatalog; path = Assets.xcassets; sourceTree = "<group>"; };
		2460934921B94F9C00C533AA /* Base */ = {isa = PBXFileReference; lastKnownFileType = file.storyboard; name = Base; path = Base.lproj/LaunchScreen.storyboard; sourceTree = "<group>"; };
		2460934B21B94F9C00C533AA /* Info.plist */ = {isa = PBXFileReference; lastKnownFileType = text.plist.xml; path = Info.plist; sourceTree = "<group>"; };
		2460935521B9503700C533AA /* NoDataView.xib */ = {isa = PBXFileReference; fileEncoding = 4; lastKnownFileType = file.xib; path = NoDataView.xib; sourceTree = "<group>"; };
		2460935621B9503700C533AA /* NoDataView.swift */ = {isa = PBXFileReference; fileEncoding = 4; lastKnownFileType = sourcecode.swift; path = NoDataView.swift; sourceTree = "<group>"; };
/* End PBXFileReference section */

/* Begin PBXFrameworksBuildPhase section */
		2460933921B94F9300C533AA /* Frameworks */ = {
			isa = PBXFrameworksBuildPhase;
			buildActionMask = 2147483647;
			files = (
			);
			runOnlyForDeploymentPostprocessing = 0;
		};
/* End PBXFrameworksBuildPhase section */

/* Begin PBXGroup section */
		2460933321B94F9200C533AA = {
			isa = PBXGroup;
			children = (
				2460933E21B94F9300C533AA /* SimpleView */,
				2460933D21B94F9300C533AA /* Products */,
			);
			sourceTree = "<group>";
		};
		2460933D21B94F9300C533AA /* Products */ = {
			isa = PBXGroup;
			children = (
				2460933C21B94F9300C533AA /* SimpleView.app */,
			);
			name = Products;
			sourceTree = "<group>";
		};
		2460933E21B94F9300C533AA /* SimpleView */ = {
			isa = PBXGroup;
			children = (
				2460935621B9503700C533AA /* NoDataView.swift */,
				2460935521B9503700C533AA /* NoDataView.xib */,
				2460933F21B94F9300C533AA /* AppDelegate.swift */,
				2460934121B94F9300C533AA /* ViewController.swift */,
				2460934321B94F9300C533AA /* Main.storyboard */,
				2460934621B94F9C00C533AA /* Assets.xcassets */,
				2460934821B94F9C00C533AA /* LaunchScreen.storyboard */,
				2460934B21B94F9C00C533AA /* Info.plist */,
			);
			path = SimpleView;
			sourceTree = "<group>";
		};
/* End PBXGroup section */

/* Begin PBXNativeTarget section */
		2460933B21B94F9300C533AA /* SimpleView */ = {
			isa = PBXNativeTarget;
			buildConfigurationList = 2460934E21B94F9C00C533AA /* Build configuration list for PBXNativeTarget "SimpleView" */;
			buildPhases = (
				2460933821B94F9300C533AA /* Sources */,
				2460933921B94F9300C533AA /* Frameworks */,
				2460933A21B94F9300C533AA /* Resources */,
			);
			buildRules = (
			);
			dependencies = (
			);
			name = SimpleView;
			productName = SimpleView;
			productReference = 2460933C21B94F9300C533AA /* SimpleView.app */;
			productType = "com.apple.product-type.application";
		};
/* End PBXNativeTarget section */

/* Begin PBXProject section */
		2460933421B94F9200C533AA /* Project object */ = {
			isa = PBXProject;
			attributes = {
				LastSwiftUpdateCheck = 1000;
				LastUpgradeCheck = 1000;
				ORGANIZATIONNAME = "Erdos Technologies";
				TargetAttributes = {
					2460933B21B94F9300C533AA = {
						CreatedOnToolsVersion = 10.0;
					};
				};
			};
			buildConfigurationList = 2460933721B94F9200C533AA /* Build configuration list for PBXProject "SimpleView" */;
			compatibilityVersion = "Xcode 9.3";
			developmentRegion = en;
			hasScannedForEncodings = 0;
			knownRegions = (
				en,
				Base,
			);
			mainGroup = 2460933321B94F9200C533AA;
			productRefGroup = 2460933D21B94F9300C533AA /* Products */;
			projectDirPath = "";
			projectRoot = "";
			targets = (
				2460933B21B94F9300C533AA /* SimpleView */,
			);
		};
/* End PBXProject section */

/* Begin PBXResourcesBuildPhase section */
		2460933A21B94F9300C533AA /* Resources */ = {
			isa = PBXResourcesBuildPhase;
			buildActionMask = 2147483647;
			files = (
				2460934A21B94F9C00C533AA /* LaunchScreen.storyboard in Resources */,
				2460934721B94F9C00C533AA /* Assets.xcassets in Resources */,
				2460934521B94F9300C533AA /* Main.storyboard in Resources */,
				2460935721B9503700C533AA /* NoDataView.xib in Resources */,
			);
			runOnlyForDeploymentPostprocessing = 0;
		};
/* End PBXResourcesBuildPhase section */

/* Begin PBXSourcesBuildPhase section */
		2460933821B94F9300C533AA /* Sources */ = {
			isa = PBXSourcesBuildPhase;
			buildActionMask = 2147483647;
			files = (
				2460934221B94F9300C533AA /* ViewController.swift in Sources */,
				2460935821B9503700C533AA /* NoDataView.swift in Sources */,
				2460934021B94F9300C533AA /* AppDelegate.swift in Sources */,
			);
			runOnlyForDeploymentPostprocessing = 0;
		};
/* End PBXSourcesBuildPhase section */

/* Begin PBXVariantGroup section */
		2460934321B94F9300C533AA /* Main.storyboard */ = {
			isa = PBXVariantGroup;
			children = (
				2460934421B94F9300C533AA /* Base */,
			);
			name = Main.storyboard;
			sourceTree = "<group>";
		};
		2460934821B94F9C00C533AA /* LaunchScreen.storyboard */ = {
			isa = PBXVariantGroup;
			children = (
				2460934921B94F9C00C533AA /* Base */,
			);
			name = LaunchScreen.storyboard;
			sourceTree = "<group>";
		};
/* End PBXVariantGroup section */

/* Begin XCBuildConfiguration section */
		2460934C21B94F9C00C533AA /* Debug */ = {
			isa = XCBuildConfiguration;
			buildSettings = {
				ALWAYS_SEARCH_USER_PATHS = NO;
				CLANG_ANALYZER_NONNULL = YES;
				CLANG_ANALYZER_NUMBER_OBJECT_CONVERSION = YES_AGGRESSIVE;
				CLANG_CXX_LANGUAGE_STANDARD = "gnu++14";
				CLANG_CXX_LIBRARY = "libc++";
				CLANG_ENABLE_MODULES = YES;
				CLANG_ENABLE_OBJC_ARC = YES;
				CLANG_ENABLE_OBJC_WEAK = YES;
				CLANG_WARN_BLOCK_CAPTURE_AUTORELEASING = YES;
				CLANG_WARN_BOOL_CONVERSION = YES;
				CLANG_WARN_COMMA = YES;
				CLANG_WARN_CONSTANT_CONVERSION = YES;
				CLANG_WARN_DEPRECATED_OBJC_IMPLEMENTATIONS = YES;
				CLANG_WARN_DIRECT_OBJC_ISA_USAGE = YES_ERROR;
				CLANG_WARN_DOCUMENTATION_COMMENTS = YES;
				CLANG_WARN_EMPTY_BODY = YES;
				CLANG_WARN_ENUM_CONVERSION = YES;
				CLANG_WARN_INFINITE_RECURSION = YES;
				CLANG_WARN_INT_CONVERSION = YES;
				CLANG_WARN_NON_LITERAL_NULL_CONVERSION = YES;
				CLANG_WARN_OBJC_IMPLICIT_RETAIN_SELF = YES;
				CLANG_WARN_OBJC_LITERAL_CONVERSION = YES;
				CLANG_WARN_OBJC_ROOT_CLASS = YES_ERROR;
				CLANG_WARN_RANGE_LOOP_ANALYSIS = YES;
				CLANG_WARN_STRICT_PROTOTYPES = YES;
				CLANG_WARN_SUSPICIOUS_MOVE = YES;
				CLANG_WARN_UNGUARDED_AVAILABILITY = YES_AGGRESSIVE;
				CLANG_WARN_UNREACHABLE_CODE = YES;
				CLANG_WARN__DUPLICATE_METHOD_MATCH = YES;
				CODE_SIGN_IDENTITY = "iPhone Developer";
				COPY_PHASE_STRIP = NO;
				DEBUG_INFORMATION_FORMAT = dwarf;
				ENABLE_STRICT_OBJC_MSGSEND = YES;
				ENABLE_TESTABILITY = YES;
				GCC_C_LANGUAGE_STANDARD = gnu11;
				GCC_DYNAMIC_NO_PIC = NO;
				GCC_NO_COMMON_BLOCKS = YES;
				GCC_OPTIMIZATION_LEVEL = 0;
				GCC_PREPROCESSOR_DEFINITIONS = (
					"DEBUG=1",
					"$(inherited)",
				);
				GCC_WARN_64_TO_32_BIT_CONVERSION = YES;
				GCC_WARN_ABOUT_RETURN_TYPE = YES_ERROR;
				GCC_WARN_UNDECLARED_SELECTOR = YES;
				GCC_WARN_UNINITIALIZED_AUTOS = YES_AGGRESSIVE;
				GCC_WARN_UNUSED_FUNCTION = YES;
				GCC_WARN_UNUSED_VARIABLE = YES;
				IPHONEOS_DEPLOYMENT_TARGET = 12.0;
				MTL_ENABLE_DEBUG_INFO = INCLUDE_SOURCE;
				MTL_FAST_MATH = YES;
				ONLY_ACTIVE_ARCH = YES;
				SDKROOT = iphoneos;
				SWIFT_ACTIVE_COMPILATION_CONDITIONS = DEBUG;
				SWIFT_OPTIMIZATION_LEVEL = "-Onone";
			};
			name = Debug;
		};
		2460934D21B94F9C00C533AA /* Release */ = {
			isa = XCBuildConfiguration;
			buildSettings = {
				ALWAYS_SEARCH_USER_PATHS = NO;
				CLANG_ANALYZER_NONNULL = YES;
				CLANG_ANALYZER_NUMBER_OBJECT_CONVERSION = YES_AGGRESSIVE;
				CLANG_CXX_LANGUAGE_STANDARD = "gnu++14";
				CLANG_CXX_LIBRARY = "libc++";
				CLANG_ENABLE_MODULES = YES;
				CLANG_ENABLE_OBJC_ARC = YES;
				CLANG_ENABLE_OBJC_WEAK = YES;
				CLANG_WARN_BLOCK_CAPTURE_AUTORELEASING = YES;
				CLANG_WARN_BOOL_CONVERSION = YES;
				CLANG_WARN_COMMA = YES;
				CLANG_WARN_CONSTANT_CONVERSION = YES;
				CLANG_WARN_DEPRECATED_OBJC_IMPLEMENTATIONS = YES;
				CLANG_WARN_DIRECT_OBJC_ISA_USAGE = YES_ERROR;
				CLANG_WARN_DOCUMENTATION_COMMENTS = YES;
				CLANG_WARN_EMPTY_BODY = YES;
				CLANG_WARN_ENUM_CONVERSION = YES;
				CLANG_WARN_INFINITE_RECURSION = YES;
				CLANG_WARN_INT_CONVERSION = YES;
				CLANG_WARN_NON_LITERAL_NULL_CONVERSION = YES;
				CLANG_WARN_OBJC_IMPLICIT_RETAIN_SELF = YES;
				CLANG_WARN_OBJC_LITERAL_CONVERSION = YES;
				CLANG_WARN_OBJC_ROOT_CLASS = YES_ERROR;
				CLANG_WARN_RANGE_LOOP_ANALYSIS = YES;
				CLANG_WARN_STRICT_PROTOTYPES = YES;
				CLANG_WARN_SUSPICIOUS_MOVE = YES;
				CLANG_WARN_UNGUARDED_AVAILABILITY = YES_AGGRESSIVE;
				CLANG_WARN_UNREACHABLE_CODE = YES;
				CLANG_WARN__DUPLICATE_METHOD_MATCH = YES;
				CODE_SIGN_IDENTITY = "iPhone Developer";
				COPY_PHASE_STRIP = NO;
				DEBUG_INFORMATION_FORMAT = "dwarf-with-dsym";
				ENABLE_NS_ASSERTIONS = NO;
				ENABLE_STRICT_OBJC_MSGSEND = YES;
				GCC_C_LANGUAGE_STANDARD = gnu11;
				GCC_NO_COMMON_BLOCKS = YES;
				GCC_WARN_64_TO_32_BIT_CONVERSION = YES;
				GCC_WARN_ABOUT_RETURN_TYPE = YES_ERROR;
				GCC_WARN_UNDECLARED_SELECTOR = YES;
				GCC_WARN_UNINITIALIZED_AUTOS = YES_AGGRESSIVE;
				GCC_WARN_UNUSED_FUNCTION = YES;
				GCC_WARN_UNUSED_VARIABLE = YES;
				IPHONEOS_DEPLOYMENT_TARGET = 12.0;
				MTL_ENABLE_DEBUG_INFO = NO;
				MTL_FAST_MATH = YES;
				SDKROOT = iphoneos;
				SWIFT_COMPILATION_MODE = wholemodule;
				SWIFT_OPTIMIZATION_LEVEL = "-O";
				VALIDATE_PRODUCT = YES;
			};
			name = Release;
		};
		2460934F21B94F9C00C533AA /* Debug */ = {
			isa = XCBuildConfiguration;
			buildSettings = {
				ASSETCATALOG_COMPILER_APPICON_NAME = AppIcon;
				CODE_SIGN_STYLE = Automatic;
				DEVELOPMENT_TEAM = TEUK368ZGC;
				INFOPLIST_FILE = SimpleView/Info.plist;
				LD_RUNPATH_SEARCH_PATHS = (
					"$(inherited)",
					"@executable_path/Frameworks",
				);
				PRODUCT_BUNDLE_IDENTIFIER = com.simpleview.app.SimpleView;
				PRODUCT_NAME = "$(TARGET_NAME)";
				SWIFT_VERSION = 4.2;
				TARGETED_DEVICE_FAMILY = "1,2";
			};
			name = Debug;
		};
		2460935021B94F9C00C533AA /* Release */ = {
			isa = XCBuildConfiguration;
			buildSettings = {
				ASSETCATALOG_COMPILER_APPICON_NAME = AppIcon;
				CODE_SIGN_STYLE = Automatic;
				DEVELOPMENT_TEAM = TEUK368ZGC;
				INFOPLIST_FILE = SimpleView/Info.plist;
				LD_RUNPATH_SEARCH_PATHS = (
					"$(inherited)",
					"@executable_path/Frameworks",
				);
				PRODUCT_BUNDLE_IDENTIFIER = com.simpleview.app.SimpleView;
				PRODUCT_NAME = "$(TARGET_NAME)";
				SWIFT_VERSION = 4.2;
				TARGETED_DEVICE_FAMILY = "1,2";
			};
			name = Release;
		};
/* End XCBuildConfiguration section */

/* Begin XCConfigurationList section */
		2460933721B94F9200C533AA /* Build configuration list for PBXProject "SimpleView" */ = {
			isa = XCConfigurationList;
			buildConfigurations = (
				2460934C21B94F9C00C533AA /* Debug */,
				2460934D21B94F9C00C533AA /* Release */,
			);
			defaultConfigurationIsVisible = 0;
			defaultConfigurationName = Release;
		};
		2460934E21B94F9C00C533AA /* Build configuration list for PBXNativeTarget "SimpleView" */ = {
			isa = XCConfigurationList;
			buildConfigurations = (
				2460934F21B94F9C00C533AA /* Debug */,
				2460935021B94F9C00C533AA /* Release */,
			);
			defaultConfigurationIsVisible = 0;
			defaultConfigurationName = Release;
		};
/* End XCConfigurationList section */
	};
	rootObject = 2460933421B94F9200C533AA /* Project object */;
}
